// !$*UTF8*$!
{
	archiveVersion = 1;
	classes = {
	};
	objectVersion = 46;
	objects = {

/* Begin PBXBuildFile section */
		0F43BCAD1B3884E800FD53BF /* DICClient.swift in Sources */ = {isa = PBXBuildFile; fileRef = 0F43BCAC1B3884E800FD53BF /* DICClient.swift */; };
		0F43BCAF1B3884FD00FD53BF /* DICConstants.swift in Sources */ = {isa = PBXBuildFile; fileRef = 0F43BCAE1B3884FD00FD53BF /* DICConstants.swift */; };
		0F43BCB11B3885BC00FD53BF /* DICArticle.swift in Sources */ = {isa = PBXBuildFile; fileRef = 0F43BCB01B3885BC00FD53BF /* DICArticle.swift */; };
		0F43BCB51B388A8100FD53BF /* DICXMLParser.swift in Sources */ = {isa = PBXBuildFile; fileRef = 0F43BCB41B388A8100FD53BF /* DICXMLParser.swift */; };
		0F7356571B544452000315F7 /* ScrollViewFactory.swift in Sources */ = {isa = PBXBuildFile; fileRef = 0F7356561B544452000315F7 /* ScrollViewFactory.swift */; };
		0F78D2FF1B554BA3007297C1 /* ArticleViewCellWithImage.swift in Sources */ = {isa = PBXBuildFile; fileRef = 0F78D2FE1B554BA3007297C1 /* ArticleViewCellWithImage.swift */; };
		0F82C7291B446B2700ECABCD /* DICFavoritesList.swift in Sources */ = {isa = PBXBuildFile; fileRef = 0F82C7281B446B2700ECABCD /* DICFavoritesList.swift */; };
		0F82C7341B456F1A00ECABCD /* OpenSans-Bold.ttf in Resources */ = {isa = PBXBuildFile; fileRef = 0F82C72A1B456F1A00ECABCD /* OpenSans-Bold.ttf */; };
		0F82C7351B456F1A00ECABCD /* OpenSans-Bold.ttf in Resources */ = {isa = PBXBuildFile; fileRef = 0F82C72A1B456F1A00ECABCD /* OpenSans-Bold.ttf */; };
		0F82C7361B456F1A00ECABCD /* OpenSans-BoldItalic.ttf in Resources */ = {isa = PBXBuildFile; fileRef = 0F82C72B1B456F1A00ECABCD /* OpenSans-BoldItalic.ttf */; };
		0F82C7371B456F1A00ECABCD /* OpenSans-BoldItalic.ttf in Resources */ = {isa = PBXBuildFile; fileRef = 0F82C72B1B456F1A00ECABCD /* OpenSans-BoldItalic.ttf */; };
		0F82C7381B456F1A00ECABCD /* OpenSans-ExtraBold.ttf in Resources */ = {isa = PBXBuildFile; fileRef = 0F82C72C1B456F1A00ECABCD /* OpenSans-ExtraBold.ttf */; };
		0F82C7391B456F1A00ECABCD /* OpenSans-ExtraBold.ttf in Resources */ = {isa = PBXBuildFile; fileRef = 0F82C72C1B456F1A00ECABCD /* OpenSans-ExtraBold.ttf */; };
		0F82C73A1B456F1A00ECABCD /* OpenSans-ExtraBoldItalic.ttf in Resources */ = {isa = PBXBuildFile; fileRef = 0F82C72D1B456F1A00ECABCD /* OpenSans-ExtraBoldItalic.ttf */; };
		0F82C73B1B456F1A00ECABCD /* OpenSans-ExtraBoldItalic.ttf in Resources */ = {isa = PBXBuildFile; fileRef = 0F82C72D1B456F1A00ECABCD /* OpenSans-ExtraBoldItalic.ttf */; };
		0F82C73C1B456F1A00ECABCD /* OpenSans-Italic.ttf in Resources */ = {isa = PBXBuildFile; fileRef = 0F82C72E1B456F1A00ECABCD /* OpenSans-Italic.ttf */; };
		0F82C73D1B456F1A00ECABCD /* OpenSans-Italic.ttf in Resources */ = {isa = PBXBuildFile; fileRef = 0F82C72E1B456F1A00ECABCD /* OpenSans-Italic.ttf */; };
		0F82C73E1B456F1A00ECABCD /* OpenSans-Light.ttf in Resources */ = {isa = PBXBuildFile; fileRef = 0F82C72F1B456F1A00ECABCD /* OpenSans-Light.ttf */; };
		0F82C73F1B456F1A00ECABCD /* OpenSans-Light.ttf in Resources */ = {isa = PBXBuildFile; fileRef = 0F82C72F1B456F1A00ECABCD /* OpenSans-Light.ttf */; };
		0F82C7401B456F1A00ECABCD /* OpenSans-LightItalic.ttf in Resources */ = {isa = PBXBuildFile; fileRef = 0F82C7301B456F1A00ECABCD /* OpenSans-LightItalic.ttf */; };
		0F82C7411B456F1A00ECABCD /* OpenSans-LightItalic.ttf in Resources */ = {isa = PBXBuildFile; fileRef = 0F82C7301B456F1A00ECABCD /* OpenSans-LightItalic.ttf */; };
		0F82C7421B456F1A00ECABCD /* OpenSans-Regular.ttf in Resources */ = {isa = PBXBuildFile; fileRef = 0F82C7311B456F1A00ECABCD /* OpenSans-Regular.ttf */; };
		0F82C7431B456F1A00ECABCD /* OpenSans-Regular.ttf in Resources */ = {isa = PBXBuildFile; fileRef = 0F82C7311B456F1A00ECABCD /* OpenSans-Regular.ttf */; };
		0F82C7441B456F1A00ECABCD /* OpenSans-Semibold.ttf in Resources */ = {isa = PBXBuildFile; fileRef = 0F82C7321B456F1A00ECABCD /* OpenSans-Semibold.ttf */; };
		0F82C7451B456F1A00ECABCD /* OpenSans-Semibold.ttf in Resources */ = {isa = PBXBuildFile; fileRef = 0F82C7321B456F1A00ECABCD /* OpenSans-Semibold.ttf */; };
		0F82C7461B456F1A00ECABCD /* OpenSans-SemiboldItalic.ttf in Resources */ = {isa = PBXBuildFile; fileRef = 0F82C7331B456F1A00ECABCD /* OpenSans-SemiboldItalic.ttf */; };
		0F82C7471B456F1A00ECABCD /* OpenSans-SemiboldItalic.ttf in Resources */ = {isa = PBXBuildFile; fileRef = 0F82C7331B456F1A00ECABCD /* OpenSans-SemiboldItalic.ttf */; };
		0F8911921B3AE93B0043AE9B /* ArticleViewController.swift in Sources */ = {isa = PBXBuildFile; fileRef = 0F8911911B3AE93B0043AE9B /* ArticleViewController.swift */; };
		0FC77F6F1B31B88F00C82887 /* ArticleViewCell.swift in Sources */ = {isa = PBXBuildFile; fileRef = 0FC77F6E1B31B88F00C82887 /* ArticleViewCell.swift */; };
		0FD67E751B57EAE600ABEAA1 /* DICArchiver.swift in Sources */ = {isa = PBXBuildFile; fileRef = 0FD67E741B57EAE600ABEAA1 /* DICArchiver.swift */; };
		0FDE77D31B307B7C009A70A4 /* AppDelegate.swift in Sources */ = {isa = PBXBuildFile; fileRef = 0FDE77D21B307B7C009A70A4 /* AppDelegate.swift */; };
		0FDE77D51B307B7C009A70A4 /* MainViewController.swift in Sources */ = {isa = PBXBuildFile; fileRef = 0FDE77D41B307B7C009A70A4 /* MainViewController.swift */; };
		0FDE77D81B307B7C009A70A4 /* Main.storyboard in Resources */ = {isa = PBXBuildFile; fileRef = 0FDE77D61B307B7C009A70A4 /* Main.storyboard */; };
		0FDE77DA1B307B7C009A70A4 /* Images.xcassets in Resources */ = {isa = PBXBuildFile; fileRef = 0FDE77D91B307B7C009A70A4 /* Images.xcassets */; };
		0FDE77DD1B307B7C009A70A4 /* LaunchScreen.xib in Resources */ = {isa = PBXBuildFile; fileRef = 0FDE77DB1B307B7C009A70A4 /* LaunchScreen.xib */; };
		0FDE77E91B307B7C009A70A4 /* Diabetes_In_Control_Mobile_AppTests.swift in Sources */ = {isa = PBXBuildFile; fileRef = 0FDE77E81B307B7C009A70A4 /* Diabetes_In_Control_Mobile_AppTests.swift */; };
/* End PBXBuildFile section */

/* Begin PBXContainerItemProxy section */
		0FDE77E31B307B7C009A70A4 /* PBXContainerItemProxy */ = {
			isa = PBXContainerItemProxy;
			containerPortal = 0FDE77C51B307B7C009A70A4 /* Project object */;
			proxyType = 1;
			remoteGlobalIDString = 0FDE77CC1B307B7C009A70A4;
			remoteInfo = "Diabetes In Control Mobile App";
		};
/* End PBXContainerItemProxy section */

/* Begin PBXFileReference section */
		0F43BCAC1B3884E800FD53BF /* DICClient.swift */ = {isa = PBXFileReference; fileEncoding = 4; lastKnownFileType = sourcecode.swift; path = DICClient.swift; sourceTree = "<group>"; };
		0F43BCAE1B3884FD00FD53BF /* DICConstants.swift */ = {isa = PBXFileReference; fileEncoding = 4; lastKnownFileType = sourcecode.swift; path = DICConstants.swift; sourceTree = "<group>"; };
		0F43BCB01B3885BC00FD53BF /* DICArticle.swift */ = {isa = PBXFileReference; fileEncoding = 4; lastKnownFileType = sourcecode.swift; path = DICArticle.swift; sourceTree = "<group>"; };
		0F43BCB41B388A8100FD53BF /* DICXMLParser.swift */ = {isa = PBXFileReference; fileEncoding = 4; lastKnownFileType = sourcecode.swift; path = DICXMLParser.swift; sourceTree = "<group>"; };
		0F7356561B544452000315F7 /* ScrollViewFactory.swift */ = {isa = PBXFileReference; fileEncoding = 4; lastKnownFileType = sourcecode.swift; path = ScrollViewFactory.swift; sourceTree = "<group>"; };
		0F78D2FE1B554BA3007297C1 /* ArticleViewCellWithImage.swift */ = {isa = PBXFileReference; fileEncoding = 4; lastKnownFileType = sourcecode.swift; path = ArticleViewCellWithImage.swift; sourceTree = "<group>"; };
		0F82C7281B446B2700ECABCD /* DICFavoritesList.swift */ = {isa = PBXFileReference; fileEncoding = 4; lastKnownFileType = sourcecode.swift; path = DICFavoritesList.swift; sourceTree = "<group>"; };
		0F82C72A1B456F1A00ECABCD /* OpenSans-Bold.ttf */ = {isa = PBXFileReference; lastKnownFileType = file; path = "OpenSans-Bold.ttf"; sourceTree = "<group>"; };
		0F82C72B1B456F1A00ECABCD /* OpenSans-BoldItalic.ttf */ = {isa = PBXFileReference; lastKnownFileType = file; path = "OpenSans-BoldItalic.ttf"; sourceTree = "<group>"; };
		0F82C72C1B456F1A00ECABCD /* OpenSans-ExtraBold.ttf */ = {isa = PBXFileReference; lastKnownFileType = file; path = "OpenSans-ExtraBold.ttf"; sourceTree = "<group>"; };
		0F82C72D1B456F1A00ECABCD /* OpenSans-ExtraBoldItalic.ttf */ = {isa = PBXFileReference; lastKnownFileType = file; path = "OpenSans-ExtraBoldItalic.ttf"; sourceTree = "<group>"; };
		0F82C72E1B456F1A00ECABCD /* OpenSans-Italic.ttf */ = {isa = PBXFileReference; lastKnownFileType = file; path = "OpenSans-Italic.ttf"; sourceTree = "<group>"; };
		0F82C72F1B456F1A00ECABCD /* OpenSans-Light.ttf */ = {isa = PBXFileReference; lastKnownFileType = file; path = "OpenSans-Light.ttf"; sourceTree = "<group>"; };
		0F82C7301B456F1A00ECABCD /* OpenSans-LightItalic.ttf */ = {isa = PBXFileReference; lastKnownFileType = file; path = "OpenSans-LightItalic.ttf"; sourceTree = "<group>"; };
		0F82C7311B456F1A00ECABCD /* OpenSans-Regular.ttf */ = {isa = PBXFileReference; lastKnownFileType = file; path = "OpenSans-Regular.ttf"; sourceTree = "<group>"; };
		0F82C7321B456F1A00ECABCD /* OpenSans-Semibold.ttf */ = {isa = PBXFileReference; lastKnownFileType = file; path = "OpenSans-Semibold.ttf"; sourceTree = "<group>"; };
		0F82C7331B456F1A00ECABCD /* OpenSans-SemiboldItalic.ttf */ = {isa = PBXFileReference; lastKnownFileType = file; path = "OpenSans-SemiboldItalic.ttf"; sourceTree = "<group>"; };
		0F8911911B3AE93B0043AE9B /* ArticleViewController.swift */ = {isa = PBXFileReference; fileEncoding = 4; lastKnownFileType = sourcecode.swift; path = ArticleViewController.swift; sourceTree = "<group>"; };
		0FC77F6E1B31B88F00C82887 /* ArticleViewCell.swift */ = {isa = PBXFileReference; fileEncoding = 4; lastKnownFileType = sourcecode.swift; path = ArticleViewCell.swift; sourceTree = "<group>"; };
		0FD67E741B57EAE600ABEAA1 /* DICArchiver.swift */ = {isa = PBXFileReference; fileEncoding = 4; lastKnownFileType = sourcecode.swift; path = DICArchiver.swift; sourceTree = "<group>"; };
		0FDE77CD1B307B7C009A70A4 /* Diabetes In Control Mobile App.app */ = {isa = PBXFileReference; explicitFileType = wrapper.application; includeInIndex = 0; path = "Diabetes In Control Mobile App.app"; sourceTree = BUILT_PRODUCTS_DIR; };
		0FDE77D11B307B7C009A70A4 /* Info.plist */ = {isa = PBXFileReference; lastKnownFileType = text.plist.xml; path = Info.plist; sourceTree = "<group>"; };
		0FDE77D21B307B7C009A70A4 /* AppDelegate.swift */ = {isa = PBXFileReference; lastKnownFileType = sourcecode.swift; path = AppDelegate.swift; sourceTree = "<group>"; };
		0FDE77D41B307B7C009A70A4 /* MainViewController.swift */ = {isa = PBXFileReference; lastKnownFileType = sourcecode.swift; path = MainViewController.swift; sourceTree = "<group>"; };
		0FDE77D71B307B7C009A70A4 /* Base */ = {isa = PBXFileReference; lastKnownFileType = file.storyboard; name = Base; path = Base.lproj/Main.storyboard; sourceTree = "<group>"; };
		0FDE77D91B307B7C009A70A4 /* Images.xcassets */ = {isa = PBXFileReference; lastKnownFileType = folder.assetcatalog; path = Images.xcassets; sourceTree = "<group>"; };
		0FDE77DC1B307B7C009A70A4 /* Base */ = {isa = PBXFileReference; lastKnownFileType = file.xib; name = Base; path = Base.lproj/LaunchScreen.xib; sourceTree = "<group>"; };
		0FDE77E21B307B7C009A70A4 /* Diabetes In Control Mobile AppTests.xctest */ = {isa = PBXFileReference; explicitFileType = wrapper.cfbundle; includeInIndex = 0; path = "Diabetes In Control Mobile AppTests.xctest"; sourceTree = BUILT_PRODUCTS_DIR; };
		0FDE77E71B307B7C009A70A4 /* Info.plist */ = {isa = PBXFileReference; lastKnownFileType = text.plist.xml; path = Info.plist; sourceTree = "<group>"; };
		0FDE77E81B307B7C009A70A4 /* Diabetes_In_Control_Mobile_AppTests.swift */ = {isa = PBXFileReference; lastKnownFileType = sourcecode.swift; path = Diabetes_In_Control_Mobile_AppTests.swift; sourceTree = "<group>"; };
/* End PBXFileReference section */

/* Begin PBXFrameworksBuildPhase section */
		0FDE77CA1B307B7C009A70A4 /* Frameworks */ = {
			isa = PBXFrameworksBuildPhase;
			buildActionMask = 2147483647;
			files = (
			);
			runOnlyForDeploymentPostprocessing = 0;
		};
		0FDE77DF1B307B7C009A70A4 /* Frameworks */ = {
			isa = PBXFrameworksBuildPhase;
			buildActionMask = 2147483647;
			files = (
			);
			runOnlyForDeploymentPostprocessing = 0;
		};
/* End PBXFrameworksBuildPhase section */

/* Begin PBXGroup section */
		0F43BCB31B3885CF00FD53BF /* Model */ = {
			isa = PBXGroup;
			children = (
				0F43BCAC1B3884E800FD53BF /* DICClient.swift */,
				0F43BCB41B388A8100FD53BF /* DICXMLParser.swift */,
				0F43BCB01B3885BC00FD53BF /* DICArticle.swift */,
				0F43BCAE1B3884FD00FD53BF /* DICConstants.swift */,
				0FD67E741B57EAE600ABEAA1 /* DICArchiver.swift */,
				0F82C7281B446B2700ECABCD /* DICFavoritesList.swift */,
			);
			name = Model;
			sourceTree = "<group>";
		};
		0F8911931B3AE95E0043AE9B /* View */ = {
			isa = PBXGroup;
			children = (
				0FC77F6E1B31B88F00C82887 /* ArticleViewCell.swift */,
				0F78D2FE1B554BA3007297C1 /* ArticleViewCellWithImage.swift */,
				0F7356561B544452000315F7 /* ScrollViewFactory.swift */,
			);
			name = View;
			sourceTree = "<group>";
		};
		0F8911941B3AE9920043AE9B /* Controller */ = {
			isa = PBXGroup;
			children = (
				0FDE77D41B307B7C009A70A4 /* MainViewController.swift */,
				0F8911911B3AE93B0043AE9B /* ArticleViewController.swift */,
			);
			name = Controller;
			sourceTree = "<group>";
		};
		0FDE77C41B307B7C009A70A4 = {
			isa = PBXGroup;
			children = (
				0FDE77CF1B307B7C009A70A4 /* Diabetes In Control Mobile App */,
				0FDE77E51B307B7C009A70A4 /* Diabetes In Control Mobile AppTests */,
				0FDE77CE1B307B7C009A70A4 /* Products */,
			);
			sourceTree = "<group>";
		};
		0FDE77CE1B307B7C009A70A4 /* Products */ = {
			isa = PBXGroup;
			children = (
				0FDE77CD1B307B7C009A70A4 /* Diabetes In Control Mobile App.app */,
				0FDE77E21B307B7C009A70A4 /* Diabetes In Control Mobile AppTests.xctest */,
			);
			name = Products;
			sourceTree = "<group>";
		};
		0FDE77CF1B307B7C009A70A4 /* Diabetes In Control Mobile App */ = {
			isa = PBXGroup;
			children = (
				0FDE77D61B307B7C009A70A4 /* Main.storyboard */,
				0F43BCB31B3885CF00FD53BF /* Model */,
				0F8911931B3AE95E0043AE9B /* View */,
				0F8911941B3AE9920043AE9B /* Controller */,
				0FDE77D21B307B7C009A70A4 /* AppDelegate.swift */,
				0FDE77D91B307B7C009A70A4 /* Images.xcassets */,
				0FDE77DB1B307B7C009A70A4 /* LaunchScreen.xib */,
				0FDE77D01B307B7C009A70A4 /* Supporting Files */,
			);
			path = "Diabetes In Control Mobile App";
			sourceTree = "<group>";
		};
		0FDE77D01B307B7C009A70A4 /* Supporting Files */ = {
			isa = PBXGroup;
			children = (
				0F82C72A1B456F1A00ECABCD /* OpenSans-Bold.ttf */,
				0F82C72B1B456F1A00ECABCD /* OpenSans-BoldItalic.ttf */,
				0F82C72C1B456F1A00ECABCD /* OpenSans-ExtraBold.ttf */,
				0F82C72D1B456F1A00ECABCD /* OpenSans-ExtraBoldItalic.ttf */,
				0F82C72E1B456F1A00ECABCD /* OpenSans-Italic.ttf */,
				0F82C72F1B456F1A00ECABCD /* OpenSans-Light.ttf */,
				0F82C7301B456F1A00ECABCD /* OpenSans-LightItalic.ttf */,
				0F82C7311B456F1A00ECABCD /* OpenSans-Regular.ttf */,
				0F82C7321B456F1A00ECABCD /* OpenSans-Semibold.ttf */,
				0F82C7331B456F1A00ECABCD /* OpenSans-SemiboldItalic.ttf */,
				0FDE77D11B307B7C009A70A4 /* Info.plist */,
			);
			name = "Supporting Files";
			sourceTree = "<group>";
		};
		0FDE77E51B307B7C009A70A4 /* Diabetes In Control Mobile AppTests */ = {
			isa = PBXGroup;
			children = (
				0FDE77E81B307B7C009A70A4 /* Diabetes_In_Control_Mobile_AppTests.swift */,
				0FDE77E61B307B7C009A70A4 /* Supporting Files */,
			);
			path = "Diabetes In Control Mobile AppTests";
			sourceTree = "<group>";
		};
		0FDE77E61B307B7C009A70A4 /* Supporting Files */ = {
			isa = PBXGroup;
			children = (
				0FDE77E71B307B7C009A70A4 /* Info.plist */,
			);
			name = "Supporting Files";
			sourceTree = "<group>";
		};
/* End PBXGroup section */

/* Begin PBXNativeTarget section */
		0FDE77CC1B307B7C009A70A4 /* Diabetes In Control Mobile App */ = {
			isa = PBXNativeTarget;
			buildConfigurationList = 0FDE77EC1B307B7C009A70A4 /* Build configuration list for PBXNativeTarget "Diabetes In Control Mobile App" */;
			buildPhases = (
				0FDE77C91B307B7C009A70A4 /* Sources */,
				0FDE77CA1B307B7C009A70A4 /* Frameworks */,
				0FDE77CB1B307B7C009A70A4 /* Resources */,
			);
			buildRules = (
			);
			dependencies = (
			);
			name = "Diabetes In Control Mobile App";
			productName = "Diabetes In Control Mobile App";
			productReference = 0FDE77CD1B307B7C009A70A4 /* Diabetes In Control Mobile App.app */;
			productType = "com.apple.product-type.application";
		};
		0FDE77E11B307B7C009A70A4 /* Diabetes In Control Mobile AppTests */ = {
			isa = PBXNativeTarget;
			buildConfigurationList = 0FDE77EF1B307B7C009A70A4 /* Build configuration list for PBXNativeTarget "Diabetes In Control Mobile AppTests" */;
			buildPhases = (
				0FDE77DE1B307B7C009A70A4 /* Sources */,
				0FDE77DF1B307B7C009A70A4 /* Frameworks */,
				0FDE77E01B307B7C009A70A4 /* Resources */,
			);
			buildRules = (
			);
			dependencies = (
				0FDE77E41B307B7C009A70A4 /* PBXTargetDependency */,
			);
			name = "Diabetes In Control Mobile AppTests";
			productName = "Diabetes In Control Mobile AppTests";
			productReference = 0FDE77E21B307B7C009A70A4 /* Diabetes In Control Mobile AppTests.xctest */;
			productType = "com.apple.product-type.bundle.unit-test";
		};
/* End PBXNativeTarget section */

/* Begin PBXProject section */
		0FDE77C51B307B7C009A70A4 /* Project object */ = {
			isa = PBXProject;
			attributes = {
				LastUpgradeCheck = 0630;
				ORGANIZATIONNAME = "Diabetes In Control";
				TargetAttributes = {
					0FDE77CC1B307B7C009A70A4 = {
						CreatedOnToolsVersion = 6.3.2;
						DevelopmentTeam = J6786G9PU4;
					};
					0FDE77E11B307B7C009A70A4 = {
						CreatedOnToolsVersion = 6.3.2;
						TestTargetID = 0FDE77CC1B307B7C009A70A4;
					};
				};
			};
			buildConfigurationList = 0FDE77C81B307B7C009A70A4 /* Build configuration list for PBXProject "Diabetes In Control Mobile App" */;
			compatibilityVersion = "Xcode 3.2";
			developmentRegion = English;
			hasScannedForEncodings = 0;
			knownRegions = (
				en,
				Base,
			);
			mainGroup = 0FDE77C41B307B7C009A70A4;
			productRefGroup = 0FDE77CE1B307B7C009A70A4 /* Products */;
			projectDirPath = "";
			projectRoot = "";
			targets = (
				0FDE77CC1B307B7C009A70A4 /* Diabetes In Control Mobile App */,
				0FDE77E11B307B7C009A70A4 /* Diabetes In Control Mobile AppTests */,
			);
		};
/* End PBXProject section */

/* Begin PBXResourcesBuildPhase section */
		0FDE77CB1B307B7C009A70A4 /* Resources */ = {
			isa = PBXResourcesBuildPhase;
			buildActionMask = 2147483647;
			files = (
				0F82C7441B456F1A00ECABCD /* OpenSans-Semibold.ttf in Resources */,
				0F82C7461B456F1A00ECABCD /* OpenSans-SemiboldItalic.ttf in Resources */,
				0FDE77D81B307B7C009A70A4 /* Main.storyboard in Resources */,
				0F82C7421B456F1A00ECABCD /* OpenSans-Regular.ttf in Resources */,
				0F82C73C1B456F1A00ECABCD /* OpenSans-Italic.ttf in Resources */,
				0F82C73A1B456F1A00ECABCD /* OpenSans-ExtraBoldItalic.ttf in Resources */,
				0FDE77DD1B307B7C009A70A4 /* LaunchScreen.xib in Resources */,
				0F82C7401B456F1A00ECABCD /* OpenSans-LightItalic.ttf in Resources */,
				0F82C7341B456F1A00ECABCD /* OpenSans-Bold.ttf in Resources */,
				0FDE77DA1B307B7C009A70A4 /* Images.xcassets in Resources */,
				0F82C73E1B456F1A00ECABCD /* OpenSans-Light.ttf in Resources */,
				0F82C7361B456F1A00ECABCD /* OpenSans-BoldItalic.ttf in Resources */,
				0F82C7381B456F1A00ECABCD /* OpenSans-ExtraBold.ttf in Resources */,
			);
			runOnlyForDeploymentPostprocessing = 0;
		};
		0FDE77E01B307B7C009A70A4 /* Resources */ = {
			isa = PBXResourcesBuildPhase;
			buildActionMask = 2147483647;
			files = (
				0F82C73F1B456F1A00ECABCD /* OpenSans-Light.ttf in Resources */,
				0F82C7371B456F1A00ECABCD /* OpenSans-BoldItalic.ttf in Resources */,
				0F82C7411B456F1A00ECABCD /* OpenSans-LightItalic.ttf in Resources */,
				0F82C7451B456F1A00ECABCD /* OpenSans-Semibold.ttf in Resources */,
				0F82C7351B456F1A00ECABCD /* OpenSans-Bold.ttf in Resources */,
				0F82C7391B456F1A00ECABCD /* OpenSans-ExtraBold.ttf in Resources */,
				0F82C7471B456F1A00ECABCD /* OpenSans-SemiboldItalic.ttf in Resources */,
				0F82C73D1B456F1A00ECABCD /* OpenSans-Italic.ttf in Resources */,
				0F82C7431B456F1A00ECABCD /* OpenSans-Regular.ttf in Resources */,
				0F82C73B1B456F1A00ECABCD /* OpenSans-ExtraBoldItalic.ttf in Resources */,
			);
			runOnlyForDeploymentPostprocessing = 0;
		};
/* End PBXResourcesBuildPhase section */

/* Begin PBXSourcesBuildPhase section */
		0FDE77C91B307B7C009A70A4 /* Sources */ = {
			isa = PBXSourcesBuildPhase;
			buildActionMask = 2147483647;
			files = (
				0FDE77D51B307B7C009A70A4 /* MainViewController.swift in Sources */,
				0F8911921B3AE93B0043AE9B /* ArticleViewController.swift in Sources */,
				0F82C7291B446B2700ECABCD /* DICFavoritesList.swift in Sources */,
				0F43BCAD1B3884E800FD53BF /* DICClient.swift in Sources */,
				0FD67E751B57EAE600ABEAA1 /* DICArchiver.swift in Sources */,
				0F43BCB51B388A8100FD53BF /* DICXMLParser.swift in Sources */,
				0FC77F6F1B31B88F00C82887 /* ArticleViewCell.swift in Sources */,
				0F7356571B544452000315F7 /* ScrollViewFactory.swift in Sources */,
				0F43BCAF1B3884FD00FD53BF /* DICConstants.swift in Sources */,
				0FDE77D31B307B7C009A70A4 /* AppDelegate.swift in Sources */,
				0F43BCB11B3885BC00FD53BF /* DICArticle.swift in Sources */,
				0F78D2FF1B554BA3007297C1 /* ArticleViewCellWithImage.swift in Sources */,
			);
			runOnlyForDeploymentPostprocessing = 0;
		};
		0FDE77DE1B307B7C009A70A4 /* Sources */ = {
			isa = PBXSourcesBuildPhase;
			buildActionMask = 2147483647;
			files = (
				0FDE77E91B307B7C009A70A4 /* Diabetes_In_Control_Mobile_AppTests.swift in Sources */,
			);
			runOnlyForDeploymentPostprocessing = 0;
		};
/* End PBXSourcesBuildPhase section */

/* Begin PBXTargetDependency section */
		0FDE77E41B307B7C009A70A4 /* PBXTargetDependency */ = {
			isa = PBXTargetDependency;
			target = 0FDE77CC1B307B7C009A70A4 /* Diabetes In Control Mobile App */;
			targetProxy = 0FDE77E31B307B7C009A70A4 /* PBXContainerItemProxy */;
		};
/* End PBXTargetDependency section */

/* Begin PBXVariantGroup section */
		0FDE77D61B307B7C009A70A4 /* Main.storyboard */ = {
			isa = PBXVariantGroup;
			children = (
				0FDE77D71B307B7C009A70A4 /* Base */,
			);
			name = Main.storyboard;
			sourceTree = "<group>";
		};
		0FDE77DB1B307B7C009A70A4 /* LaunchScreen.xib */ = {
			isa = PBXVariantGroup;
			children = (
				0FDE77DC1B307B7C009A70A4 /* Base */,
			);
			name = LaunchScreen.xib;
			sourceTree = "<group>";
		};
/* End PBXVariantGroup section */

/* Begin XCBuildConfiguration section */
		0FDE77EA1B307B7C009A70A4 /* Debug */ = {
			isa = XCBuildConfiguration;
			buildSettings = {
				ALWAYS_SEARCH_USER_PATHS = NO;
				CLANG_CXX_LANGUAGE_STANDARD = "gnu++0x";
				CLANG_CXX_LIBRARY = "libc++";
				CLANG_ENABLE_MODULES = YES;
				CLANG_ENABLE_OBJC_ARC = YES;
				CLANG_WARN_BOOL_CONVERSION = YES;
				CLANG_WARN_CONSTANT_CONVERSION = YES;
				CLANG_WARN_DIRECT_OBJC_ISA_USAGE = YES_ERROR;
				CLANG_WARN_EMPTY_BODY = YES;
				CLANG_WARN_ENUM_CONVERSION = YES;
				CLANG_WARN_INT_CONVERSION = YES;
				CLANG_WARN_OBJC_ROOT_CLASS = YES_ERROR;
				CLANG_WARN_UNREACHABLE_CODE = YES;
				CLANG_WARN__DUPLICATE_METHOD_MATCH = YES;
				"CODE_SIGN_IDENTITY[sdk=iphoneos*]" = "iPhone Developer";
				COPY_PHASE_STRIP = NO;
				DEBUG_INFORMATION_FORMAT = "dwarf-with-dsym";
				ENABLE_STRICT_OBJC_MSGSEND = YES;
				GCC_C_LANGUAGE_STANDARD = gnu99;
				GCC_DYNAMIC_NO_PIC = NO;
				GCC_NO_COMMON_BLOCKS = YES;
				GCC_OPTIMIZATION_LEVEL = 0;
				GCC_PREPROCESSOR_DEFINITIONS = (
					"DEBUG=1",
					"$(inherited)",
				);
				GCC_SYMBOLS_PRIVATE_EXTERN = NO;
				GCC_WARN_64_TO_32_BIT_CONVERSION = YES;
				GCC_WARN_ABOUT_RETURN_TYPE = YES_ERROR;
				GCC_WARN_UNDECLARED_SELECTOR = YES;
				GCC_WARN_UNINITIALIZED_AUTOS = YES_AGGRESSIVE;
				GCC_WARN_UNUSED_FUNCTION = YES;
				GCC_WARN_UNUSED_VARIABLE = YES;
				IPHONEOS_DEPLOYMENT_TARGET = 8.3;
				MTL_ENABLE_DEBUG_INFO = YES;
				ONLY_ACTIVE_ARCH = YES;
				SDKROOT = iphoneos;
				SWIFT_OPTIMIZATION_LEVEL = "-Onone";
				TARGETED_DEVICE_FAMILY = "1,2";
			};
			name = Debug;
		};
		0FDE77EB1B307B7C009A70A4 /* Release */ = {
			isa = XCBuildConfiguration;
			buildSettings = {
				ALWAYS_SEARCH_USER_PATHS = NO;
				CLANG_CXX_LANGUAGE_STANDARD = "gnu++0x";
				CLANG_CXX_LIBRARY = "libc++";
				CLANG_ENABLE_MODULES = YES;
				CLANG_ENABLE_OBJC_ARC = YES;
				CLANG_WARN_BOOL_CONVERSION = YES;
				CLANG_WARN_CONSTANT_CONVERSION = YES;
				CLANG_WARN_DIRECT_OBJC_ISA_USAGE = YES_ERROR;
				CLANG_WARN_EMPTY_BODY = YES;
				CLANG_WARN_ENUM_CONVERSION = YES;
				CLANG_WARN_INT_CONVERSION = YES;
				CLANG_WARN_OBJC_ROOT_CLASS = YES_ERROR;
				CLANG_WARN_UNREACHABLE_CODE = YES;
				CLANG_WARN__DUPLICATE_METHOD_MATCH = YES;
				"CODE_SIGN_IDENTITY[sdk=iphoneos*]" = "iPhone Developer";
				COPY_PHASE_STRIP = NO;
				DEBUG_INFORMATION_FORMAT = "dwarf-with-dsym";
				ENABLE_NS_ASSERTIONS = NO;
				ENABLE_STRICT_OBJC_MSGSEND = YES;
				GCC_C_LANGUAGE_STANDARD = gnu99;
				GCC_NO_COMMON_BLOCKS = YES;
				GCC_WARN_64_TO_32_BIT_CONVERSION = YES;
				GCC_WARN_ABOUT_RETURN_TYPE = YES_ERROR;
				GCC_WARN_UNDECLARED_SELECTOR = YES;
				GCC_WARN_UNINITIALIZED_AUTOS = YES_AGGRESSIVE;
				GCC_WARN_UNUSED_FUNCTION = YES;
				GCC_WARN_UNUSED_VARIABLE = YES;
				IPHONEOS_DEPLOYMENT_TARGET = 8.3;
				MTL_ENABLE_DEBUG_INFO = NO;
				SDKROOT = iphoneos;
				TARGETED_DEVICE_FAMILY = "1,2";
				VALIDATE_PRODUCT = YES;
			};
			name = Release;
		};
		0FDE77ED1B307B7C009A70A4 /* Debug */ = {
			isa = XCBuildConfiguration;
			buildSettings = {
				ASSETCATALOG_COMPILER_APPICON_NAME = AppIcon;
				CLANG_USE_OPTIMIZATION_PROFILE = YES;
				CODE_SIGN_IDENTITY = "iPhone Developer";
				"CODE_SIGN_IDENTITY[sdk=iphoneos*]" = "iPhone Developer";
				INFOPLIST_FILE = "Diabetes In Control Mobile App/Info.plist";
				LD_RUNPATH_SEARCH_PATHS = "$(inherited) @executable_path/Frameworks";
				PRODUCT_NAME = "$(TARGET_NAME)";
				PROVISIONING_PROFILE = "";
			};
			name = Debug;
		};
		0FDE77EE1B307B7C009A70A4 /* Release */ = {
			isa = XCBuildConfiguration;
			buildSettings = {
				ASSETCATALOG_COMPILER_APPICON_NAME = AppIcon;
				CLANG_USE_OPTIMIZATION_PROFILE = YES;
				CODE_SIGN_IDENTITY = "iPhone Developer";
				"CODE_SIGN_IDENTITY[sdk=iphoneos*]" = "iPhone Developer";
				INFOPLIST_FILE = "Diabetes In Control Mobile App/Info.plist";
				LD_RUNPATH_SEARCH_PATHS = "$(inherited) @executable_path/Frameworks";
				PRODUCT_NAME = "$(TARGET_NAME)";
				PROVISIONING_PROFILE = "";
			};
			name = Release;
		};
		0FDE77F01B307B7C009A70A4 /* Debug */ = {
			isa = XCBuildConfiguration;
			buildSettings = {
				BUNDLE_LOADER = "$(TEST_HOST)";
				FRAMEWORK_SEARCH_PATHS = (
					"$(SDKROOT)/Developer/Library/Frameworks",
					"$(inherited)",
				);
				GCC_PREPROCESSOR_DEFINITIONS = (
					"DEBUG=1",
					"$(inherited)",
				);
				INFOPLIST_FILE = "Diabetes In Control Mobile AppTests/Info.plist";
				LD_RUNPATH_SEARCH_PATHS = "$(inherited) @executable_path/Frameworks @loader_path/Frameworks";
				PRODUCT_NAME = "$(TARGET_NAME)";
				TEST_HOST = "$(BUILT_PRODUCTS_DIR)/Diabetes In Control Mobile App.app/Diabetes In Control Mobile App";
			};
			name = Debug;
		};
		0FDE77F11B307B7C009A70A4 /* Release */ = {
			isa = XCBuildConfiguration;
			buildSettings = {
				BUNDLE_LOADER = "$(TEST_HOST)";
				FRAMEWORK_SEARCH_PATHS = (
					"$(SDKROOT)/Developer/Library/Frameworks",
					"$(inherited)",
				);
				INFOPLIST_FILE = "Diabetes In Control Mobile AppTests/Info.plist";
				LD_RUNPATH_SEARCH_PATHS = "$(inherited) @executable_path/Frameworks @loader_path/Frameworks";
				PRODUCT_NAME = "$(TARGET_NAME)";
				TEST_HOST = "$(BUILT_PRODUCTS_DIR)/Diabetes In Control Mobile App.app/Diabetes In Control Mobile App";
			};
			name = Release;
		};
/* End XCBuildConfiguration section */

/* Begin XCConfigurationList section */
		0FDE77C81B307B7C009A70A4 /* Build configuration list for PBXProject "Diabetes In Control Mobile App" */ = {
			isa = XCConfigurationList;
			buildConfigurations = (
				0FDE77EA1B307B7C009A70A4 /* Debug */,
				0FDE77EB1B307B7C009A70A4 /* Release */,
			);
			defaultConfigurationIsVisible = 0;
			defaultConfigurationName = Release;
		};
		0FDE77EC1B307B7C009A70A4 /* Build configuration list for PBXNativeTarget "Diabetes In Control Mobile App" */ = {
			isa = XCConfigurationList;
			buildConfigurations = (
				0FDE77ED1B307B7C009A70A4 /* Debug */,
				0FDE77EE1B307B7C009A70A4 /* Release */,
			);
			defaultConfigurationIsVisible = 0;
			defaultConfigurationName = Release;
		};
		0FDE77EF1B307B7C009A70A4 /* Build configuration list for PBXNativeTarget "Diabetes In Control Mobile AppTests" */ = {
			isa = XCConfigurationList;
			buildConfigurations = (
				0FDE77F01B307B7C009A70A4 /* Debug */,
				0FDE77F11B307B7C009A70A4 /* Release */,
			);
			defaultConfigurationIsVisible = 0;
			defaultConfigurationName = Release;
		};
/* End XCConfigurationList section */
	};
	rootObject = 0FDE77C51B307B7C009A70A4 /* Project object */;
}
